
Microsoft Visual Studio Solution File, Format Version 12.00
# Visual Studio Version 17
VisualStudioVersion = 17.0.31912.275
MinimumVisualStudioVersion = 10.0.40219.1
Project("{8BC9CEB8-8B4A-11D0-8D11-00A0C91BC942}") = "DSAlib", "DSAlib.vcxproj", "{0B994A86-D566-45D2-985D-C050CB6781CA}"
EndProject
Global
	GlobalSection(SolutionConfigurationPlatforms) = preSolution
		Debug|x64 = Debug|x64
		Debug|x86 = Debug|x86
		Release|x64 = Release|x64
		Release|x86 = Release|x86
	EndGlobalSection
	GlobalSection(ProjectConfigurationPlatforms) = postSolution
		{0B994A86-D566-45D2-985D-C050CB6781CA}.Debug|x64.ActiveCfg = Debug|x64
		{0B994A86-D566-45D2-985D-C050CB6781CA}.Debug|x64.Build.0 = Debug|x64
		{0B994A86-D566-45D2-985D-C050CB6781CA}.Debug|x86.ActiveCfg = Debug|Win32
		{0B994A86-D566-45D2-985D-C050CB6781CA}.Debug|x86.Build.0 = Debug|Win32
		{0B994A86-D566-45D2-985D-C050CB6781CA}.Release|x64.ActiveCfg = Release|x64
		{0B994A86-D566-45D2-985D-C050CB6781CA}.Release|x64.Build.0 = Release|x64
		{0B994A86-D566-45D2-985D-C050CB6781CA}.Release|x86.ActiveCfg = Release|Win32
		{0B994A86-D566-45D2-985D-C050CB6781CA}.Release|x86.Build.0 = Release|Win32
	EndGlobalSection
	GlobalSection(SolutionProperties) = preSolution
		HideSolutionNode = FALSE
	EndGlobalSection
	GlobalSection(ExtensibilityGlobals) = postSolution
		SolutionGuid = {19CE639E-F770-43A7-B952-B76C26F87317}
	EndGlobalSection
EndGlobal
