
Microsoft Visual Studio Solution File, Format Version 12.00
# Visual Studio Version 17
VisualStudioVersion = 17.0.31912.275
MinimumVisualStudioVersion = 10.0.40219.1
Project("{8BC9CEB8-8B4A-11D0-8D11-00A0C91BC942}") = "bstlib", "bstlib.vcxproj", "{255219C4-3756-45FB-AE32-C0BF11AB8904}"
EndProject
Global
	GlobalSection(SolutionConfigurationPlatforms) = preSolution
		Debug|x64 = Debug|x64
		Debug|x86 = Debug|x86
		Release|x64 = Release|x64
		Release|x86 = Release|x86
	EndGlobalSection
	GlobalSection(ProjectConfigurationPlatforms) = postSolution
		{255219C4-3756-45FB-AE32-C0BF11AB8904}.Debug|x64.ActiveCfg = Debug|x64
		{255219C4-3756-45FB-AE32-C0BF11AB8904}.Debug|x64.Build.0 = Debug|x64
		{255219C4-3756-45FB-AE32-C0BF11AB8904}.Debug|x86.ActiveCfg = Debug|Win32
		{255219C4-3756-45FB-AE32-C0BF11AB8904}.Debug|x86.Build.0 = Debug|Win32
		{255219C4-3756-45FB-AE32-C0BF11AB8904}.Release|x64.ActiveCfg = Release|x64
		{255219C4-3756-45FB-AE32-C0BF11AB8904}.Release|x64.Build.0 = Release|x64
		{255219C4-3756-45FB-AE32-C0BF11AB8904}.Release|x86.ActiveCfg = Release|Win32
		{255219C4-3756-45FB-AE32-C0BF11AB8904}.Release|x86.Build.0 = Release|Win32
	EndGlobalSection
	GlobalSection(SolutionProperties) = preSolution
		HideSolutionNode = FALSE
	EndGlobalSection
	GlobalSection(ExtensibilityGlobals) = postSolution
		SolutionGuid = {F1CA664F-9D51-4374-92C7-B3285BF1BF64}
	EndGlobalSection
EndGlobal
